
Microsoft Visual Studio Solution File, Format Version 12.00
# Visual Studio Version 17
VisualStudioVersion = 17.4.33122.133
MinimumVisualStudioVersion = 10.0.40219.1
Project("{9A19103F-16F7-4668-BE54-9A1E7A4F7556}") = "NServiceBus.Router", "NServiceBus.Router\NServiceBus.Router.csproj", "{6307EF93-26B0-4E6C-BA94-85B1DCDCFA07}"
EndProject
Project("{9A19103F-16F7-4668-BE54-9A1E7A4F7556}") = "NServiceBus.Router.Tests", "NServiceBus.Router.Tests\NServiceBus.Router.Tests.csproj", "{96687744-B1E0-4B98-AD61-ED385014E7AD}"
EndProject
Project("{9A19103F-16F7-4668-BE54-9A1E7A4F7556}") = "NServiceBus.Router.AcceptanceTests", "NServiceBus.Router.AcceptanceTests\NServiceBus.Router.AcceptanceTests.csproj", "{0D2C045B-B55B-4738-B580-58F259690DF0}"
EndProject
Project("{9A19103F-16F7-4668-BE54-9A1E7A4F7556}") = "NServiceBus.Router.Connector", "NServiceBus.Router.Connector\NServiceBus.Router.Connector.csproj", "{27325DEC-0BD0-4260-84B5-E0F3D6FCA519}"
EndProject
Project("{2150E333-8FDC-42A3-9474-1A3956D46DE8}") = "Solution Items", "Solution Items", "{2FC95206-1B2A-4F33-9797-8AA059204D2A}"
	ProjectSection(SolutionItems) = preProject
		Directory.Build.targets = Directory.Build.targets
	EndProjectSection
EndProject
Project("{9A19103F-16F7-4668-BE54-9A1E7A4F7556}") = "AcceptanceTesting", "AcceptanceTesting\AcceptanceTesting.csproj", "{0F1838F0-4870-45B0-A85C-9197104C6F05}"
EndProject
Project("{2150E333-8FDC-42A3-9474-1A3956D46DE8}") = "Tests", "Tests", "{3A44ACF0-10D4-4322-976E-364B8ED98602}"
EndProject
Project("{2150E333-8FDC-42A3-9474-1A3956D46DE8}") = "LoadTests", "LoadTests", "{8FAB9D0C-AE8E-4183-A2C5-77464A300549}"
EndProject
Project("{9A19103F-16F7-4668-BE54-9A1E7A4F7556}") = "LoadTests.Sender", "LoadTests.Sender\LoadTests.Sender.csproj", "{B9C2D1F0-CA82-4778-BAF3-594C2726A4F1}"
EndProject
Project("{9A19103F-16F7-4668-BE54-9A1E7A4F7556}") = "LoadTests.Sender.Router", "LoadTests.Sender.Router\LoadTests.Sender.Router.csproj", "{A7C137C2-F867-4BEB-8079-E77A21A8AE55}"
EndProject
Project("{9A19103F-16F7-4668-BE54-9A1E7A4F7556}") = "LoadTests.Receiver", "LoadTests.Receiver\LoadTests.Receiver.csproj", "{82432CCF-502A-423B-871B-B86ABFBAE47B}"
EndProject
Project("{9A19103F-16F7-4668-BE54-9A1E7A4F7556}") = "LoadTests.Receiver.Router", "LoadTests.Receiver.Router\LoadTests.Receiver.Router.csproj", "{6D01212B-3BBC-4C11-A5C7-C608ECE12186}"
EndProject
Project("{9A19103F-16F7-4668-BE54-9A1E7A4F7556}") = "LoadTests.Shared", "LoadTests.Shared\LoadTests.Shared.csproj", "{33DE78E8-D222-4F04-885A-47A5BDD23A4A}"
EndProject
Global
	GlobalSection(SolutionConfigurationPlatforms) = preSolution
		Debug|Any CPU = Debug|Any CPU
		Release|Any CPU = Release|Any CPU
	EndGlobalSection
	GlobalSection(ProjectConfigurationPlatforms) = postSolution
		{6307EF93-26B0-4E6C-BA94-85B1DCDCFA07}.Debug|Any CPU.ActiveCfg = Debug|Any CPU
		{6307EF93-26B0-4E6C-BA94-85B1DCDCFA07}.Debug|Any CPU.Build.0 = Debug|Any CPU
		{6307EF93-26B0-4E6C-BA94-85B1DCDCFA07}.Release|Any CPU.ActiveCfg = Release|Any CPU
		{6307EF93-26B0-4E6C-BA94-85B1DCDCFA07}.Release|Any CPU.Build.0 = Release|Any CPU
		{96687744-B1E0-4B98-AD61-ED385014E7AD}.Debug|Any CPU.ActiveCfg = Debug|Any CPU
		{96687744-B1E0-4B98-AD61-ED385014E7AD}.Debug|Any CPU.Build.0 = Debug|Any CPU
		{96687744-B1E0-4B98-AD61-ED385014E7AD}.Release|Any CPU.ActiveCfg = Release|Any CPU
		{96687744-B1E0-4B98-AD61-ED385014E7AD}.Release|Any CPU.Build.0 = Release|Any CPU
		{0D2C045B-B55B-4738-B580-58F259690DF0}.Debug|Any CPU.ActiveCfg = Debug|Any CPU
		{0D2C045B-B55B-4738-B580-58F259690DF0}.Debug|Any CPU.Build.0 = Debug|Any CPU
		{0D2C045B-B55B-4738-B580-58F259690DF0}.Release|Any CPU.ActiveCfg = Release|Any CPU
		{0D2C045B-B55B-4738-B580-58F259690DF0}.Release|Any CPU.Build.0 = Release|Any CPU
		{27325DEC-0BD0-4260-84B5-E0F3D6FCA519}.Debug|Any CPU.ActiveCfg = Debug|Any CPU
		{27325DEC-0BD0-4260-84B5-E0F3D6FCA519}.Debug|Any CPU.Build.0 = Debug|Any CPU
		{27325DEC-0BD0-4260-84B5-E0F3D6FCA519}.Release|Any CPU.ActiveCfg = Release|Any CPU
		{27325DEC-0BD0-4260-84B5-E0F3D6FCA519}.Release|Any CPU.Build.0 = Release|Any CPU
		{0F1838F0-4870-45B0-A85C-9197104C6F05}.Debug|Any CPU.ActiveCfg = Debug|Any CPU
		{0F1838F0-4870-45B0-A85C-9197104C6F05}.Debug|Any CPU.Build.0 = Debug|Any CPU
		{0F1838F0-4870-45B0-A85C-9197104C6F05}.Release|Any CPU.ActiveCfg = Release|Any CPU
		{0F1838F0-4870-45B0-A85C-9197104C6F05}.Release|Any CPU.Build.0 = Release|Any CPU
		{B9C2D1F0-CA82-4778-BAF3-594C2726A4F1}.Debug|Any CPU.ActiveCfg = Debug|Any CPU
		{B9C2D1F0-CA82-4778-BAF3-594C2726A4F1}.Debug|Any CPU.Build.0 = Debug|Any CPU
		{B9C2D1F0-CA82-4778-BAF3-594C2726A4F1}.Release|Any CPU.ActiveCfg = Release|Any CPU
		{B9C2D1F0-CA82-4778-BAF3-594C2726A4F1}.Release|Any CPU.Build.0 = Release|Any CPU
		{A7C137C2-F867-4BEB-8079-E77A21A8AE55}.Debug|Any CPU.ActiveCfg = Debug|Any CPU
		{A7C137C2-F867-4BEB-8079-E77A21A8AE55}.Debug|Any CPU.Build.0 = Debug|Any CPU
		{A7C137C2-F867-4BEB-8079-E77A21A8AE55}.Release|Any CPU.ActiveCfg = Release|Any CPU
		{A7C137C2-F867-4BEB-8079-E77A21A8AE55}.Release|Any CPU.Build.0 = Release|Any CPU
		{82432CCF-502A-423B-871B-B86ABFBAE47B}.Debug|Any CPU.ActiveCfg = Debug|Any CPU
		{82432CCF-502A-423B-871B-B86ABFBAE47B}.Debug|Any CPU.Build.0 = Debug|Any CPU
		{82432CCF-502A-423B-871B-B86ABFBAE47B}.Release|Any CPU.ActiveCfg = Release|Any CPU
		{82432CCF-502A-423B-871B-B86ABFBAE47B}.Release|Any CPU.Build.0 = Release|Any CPU
		{6D01212B-3BBC-4C11-A5C7-C608ECE12186}.Debug|Any CPU.ActiveCfg = Debug|Any CPU
		{6D01212B-3BBC-4C11-A5C7-C608ECE12186}.Debug|Any CPU.Build.0 = Debug|Any CPU
		{6D01212B-3BBC-4C11-A5C7-C608ECE12186}.Release|Any CPU.ActiveCfg = Release|Any CPU
		{6D01212B-3BBC-4C11-A5C7-C608ECE12186}.Release|Any CPU.Build.0 = Release|Any CPU
		{33DE78E8-D222-4F04-885A-47A5BDD23A4A}.Debug|Any CPU.ActiveCfg = Debug|Any CPU
		{33DE78E8-D222-4F04-885A-47A5BDD23A4A}.Debug|Any CPU.Build.0 = Debug|Any CPU
		{33DE78E8-D222-4F04-885A-47A5BDD23A4A}.Release|Any CPU.ActiveCfg = Release|Any CPU
		{33DE78E8-D222-4F04-885A-47A5BDD23A4A}.Release|Any CPU.Build.0 = Release|Any CPU
	EndGlobalSection
	GlobalSection(SolutionProperties) = preSolution
		HideSolutionNode = FALSE
	EndGlobalSection
	GlobalSection(NestedProjects) = preSolution
		{96687744-B1E0-4B98-AD61-ED385014E7AD} = {3A44ACF0-10D4-4322-976E-364B8ED98602}
		{0D2C045B-B55B-4738-B580-58F259690DF0} = {3A44ACF0-10D4-4322-976E-364B8ED98602}
		{0F1838F0-4870-45B0-A85C-9197104C6F05} = {3A44ACF0-10D4-4322-976E-364B8ED98602}
		{B9C2D1F0-CA82-4778-BAF3-594C2726A4F1} = {8FAB9D0C-AE8E-4183-A2C5-77464A300549}
		{A7C137C2-F867-4BEB-8079-E77A21A8AE55} = {8FAB9D0C-AE8E-4183-A2C5-77464A300549}
		{82432CCF-502A-423B-871B-B86ABFBAE47B} = {8FAB9D0C-AE8E-4183-A2C5-77464A300549}
		{6D01212B-3BBC-4C11-A5C7-C608ECE12186} = {8FAB9D0C-AE8E-4183-A2C5-77464A300549}
		{33DE78E8-D222-4F04-885A-47A5BDD23A4A} = {8FAB9D0C-AE8E-4183-A2C5-77464A300549}
	EndGlobalSection
	GlobalSection(ExtensibilityGlobals) = postSolution
		SolutionGuid = {F146A5AC-8618-4967-A758-8FB3980BC90F}
	EndGlobalSection
EndGlobal
